<?xml version="1.0" encoding="utf-8"?>
<Project ToolsVersion="4.0" xmlns="http://schemas.microsoft.com/developer/msbuild/2003">
  <ItemGroup>
    <Filter Include="PCH">
      <UniqueIdentifier>{e227afa1-fd4a-4200-882d-ea12f41920cc}</UniqueIdentifier>
    </Filter>
    <Filter Include="Main">
      <UniqueIdentifier>{a7a7242e-930c-4220-a051-13c28c2ca215}</UniqueIdentifier>
    </Filter>
    <Filter Include="Lexical">
      <UniqueIdentifier>{df979a88-127d-4edc-ba9f-6d17152aefc1}</UniqueIdentifier>
    </Filter>
    <Filter Include="PositionScan">
      <UniqueIdentifier>{42e18210-b432-42b5-82f6-0b16117509ba}</UniqueIdentifier>
    </Filter>
    <Filter Include="Error">
      <UniqueIdentifier>{6c49e977-de15-44db-b913-42a2ee98f88a}</UniqueIdentifier>
    </Filter>
    <Filter Include="PrintHandler">
      <UniqueIdentifier>{ed773fc3-41bd-4cd9-b482-bdd573170750}</UniqueIdentifier>
    </Filter>
    <Filter Include="Store">
      <UniqueIdentifier>{7312bcf2-c5f0-4f48-9e4e-55a3add21300}</UniqueIdentifier>
    </Filter>
    <Filter Include="Parsing">
      <UniqueIdentifier>{d7d612ed-2e63-437c-9549-e781992e7472}</UniqueIdentifier>
    </Filter>
  </ItemGroup>
  <ItemGroup>
    <ClCompile Include="main.cpp">
      <Filter>Main</Filter>
    </ClCompile>
    <ClCompile Include="stdafx.cpp">
      <Filter>PCH</Filter>
    </ClCompile>
    <ClCompile Include="Lexical.cpp">
      <Filter>Lexical</Filter>
    </ClCompile>
    <ClCompile Include="WordHashing.cpp">
      <Filter>Lexical</Filter>
    </ClCompile>
    <ClCompile Include="Error.cpp">
      <Filter>Error</Filter>
    </ClCompile>
    <ClCompile Include="PositionScan.cpp">
      <Filter>PositionScan</Filter>
    </ClCompile>
    <ClCompile Include="PrintHandler.cpp">
      <Filter>PrintHandler</Filter>
    </ClCompile>
    <ClCompile Include="Store.cpp">
      <Filter>Store</Filter>
    </ClCompile>
    <ClCompile Include="Trace.cpp">
      <Filter>Parsing</Filter>
    </ClCompile>
    <ClCompile Include="Parsing.cpp">
      <Filter>Parsing</Filter>
    </ClCompile>
    <ClCompile Include="SymbolList.cpp">
      <Filter>Parsing</Filter>
    </ClCompile>
    <ClCompile Include="LR_Table.cpp">
      <Filter>Parsing</Filter>
    </ClCompile>
    <ClCompile Include="ReduceTable.cpp">
      <Filter>Parsing</Filter>
    </ClCompile>
  </ItemGroup>
  <ItemGroup>
    <ClInclude Include="stdafx.h">
      <Filter>PCH</Filter>
    </ClInclude>
    <ClInclude Include="Lexical.h">
      <Filter>Lexical</Filter>
    </ClInclude>
    <ClInclude Include="WordHashing.h">
      <Filter>Lexical</Filter>
    </ClInclude>
    <ClInclude Include="Error.h">
      <Filter>Error</Filter>
    </ClInclude>
    <ClInclude Include="PositionScan.h">
      <Filter>PositionScan</Filter>
    </ClInclude>
    <ClInclude Include="PrintHandler.h">
      <Filter>PrintHandler</Filter>
    </ClInclude>
    <ClInclude Include="Store.h">
      <Filter>Store</Filter>
    </ClInclude>
    <ClInclude Include="Trace.h">
      <Filter>Parsing</Filter>
    </ClInclude>
    <ClInclude Include="LR_Table.h">
      <Filter>Parsing</Filter>
    </ClInclude>
    <ClInclude Include="Parsing.h">
      <Filter>Parsing</Filter>
    </ClInclude>
    <ClInclude Include="Macro.h">
      <Filter>PCH</Filter>
    </ClInclude>
    <ClInclude Include="ReduceTable.h">
      <Filter>Parsing</Filter>
    </ClInclude>
    <ClInclude Include="SymbolList.h">
      <Filter>Parsing</Filter>
    </ClInclude>
    <ClInclude Include="TraceElem.h">
      <Filter>Parsing</Filter>
    </ClInclude>
  </ItemGroup>
  <ItemGroup>
    <Text Include="Code.txt" />
  </ItemGroup>
</Project>